
Microsoft Visual Studio Solution File, Format Version 12.00
# Visual Studio Version 17
VisualStudioVersion = 17.4.33213.308
MinimumVisualStudioVersion = 10.0.40219.1
Project("{FAE04EC0-301F-11D3-BF4B-00C04F79EFBC}") = "MGO2 Setlist Randomizer", "MGO2 Setlist Randomizer.csproj", "{19C3A180-BE02-4DF8-9742-350FB4F5709D}"
EndProject
Global
	GlobalSection(SolutionConfigurationPlatforms) = preSolution
		Debug|Any CPU = Debug|Any CPU
		Release|Any CPU = Release|Any CPU
	EndGlobalSection
	GlobalSection(ProjectConfigurationPlatforms) = postSolution
		{19C3A180-BE02-4DF8-9742-350FB4F5709D}.Debug|Any CPU.ActiveCfg = Debug|Any CPU
		{19C3A180-BE02-4DF8-9742-350FB4F5709D}.Debug|Any CPU.Build.0 = Debug|Any CPU
		{19C3A180-BE02-4DF8-9742-350FB4F5709D}.Release|Any CPU.ActiveCfg = Release|Any CPU
		{19C3A180-BE02-4DF8-9742-350FB4F5709D}.Release|Any CPU.Build.0 = Release|Any CPU
	EndGlobalSection
	GlobalSection(SolutionProperties) = preSolution
		HideSolutionNode = FALSE
	EndGlobalSection
	GlobalSection(ExtensibilityGlobals) = postSolution
		SolutionGuid = {A8327501-8197-44BC-8ACE-0B6AFB7FCD44}
	EndGlobalSection
EndGlobal
